# This file is automatically @generated by Cargo.
# It is not intended for manual editing.
version = 4

[[package]]
name = "anyhow"
version = "1.0.71"
source = "registry+https://github.com/rust-lang/crates.io-index"
checksum = "9c7d0618f0e0b7e8ff11427422b64564d5fb0be1940354bfe2e0529b18a9d9b8"

[[package]]
name = "libc"
version = "0.2.126"
source = "registry+https://github.com/rust-lang/crates.io-index"
checksum = "349d5a591cd28b49e1d1037471617a32ddcda5731b99419008085f72d5a53836"

[[package]]
name = "nexus-actions"
version = "0.1.0"
dependencies = [
 "libc",
 "nexus-audit",
 "nexus-core",
 "nexus-policy",
 "thiserror",
]

[[package]]
name = "nexus-ai"
version = "0.1.0"
dependencies = [
 "nexus-core",
 "nexus-diagnostics",
 "nexus-policy",
 "nexus-security",
 "nexus-storage",
]

[[package]]
name = "nexus-api"
version = "0.1.0"
dependencies = [
 "anyhow",
 "nexus-actions",
 "nexus-ai",
 "nexus-audit",
 "nexus-core",
 "nexus-diagnostics",
 "nexus-network",
 "nexus-platform",
 "nexus-policy",
 "nexus-process",
 "nexus-resource",
 "nexus-security",
 "nexus-storage",
]

[[package]]
name = "nexus-audit"
version = "0.1.0"
dependencies = [
 "libc",
]

[[package]]
name = "nexus-cli"
version = "0.1.0"
dependencies = [
 "anyhow",
 "nexus-actions",
 "nexus-ai",
 "nexus-audit",
 "nexus-config",
 "nexus-core",
 "nexus-diagnostics",
 "nexus-network",
 "nexus-platform",
 "nexus-process",
 "nexus-resource",
 "nexus-sandbox",
 "nexus-security",
 "nexus-storage",
]

[[package]]
name = "nexus-config"
version = "0.1.0"

[[package]]
name = "nexus-core"
version = "0.1.0"

[[package]]
name = "nexus-desktop"
version = "0.1.0"
dependencies = [
 "nexus-api",
 "nexus-config",
 "nexus-core",
 "nexus-network",
 "nexus-process",
 "nexus-security",
]

[[package]]
name = "nexus-diagnostics"
version = "0.1.0"
dependencies = [
 "libc",
 "nexus-core",
 "nexus-storage",
]

[[package]]
name = "nexus-network"
version = "0.1.0"
dependencies = [
 "libc",
 "thiserror",
]

[[package]]
name = "nexus-platform"
version = "0.1.0"
dependencies = [
 "anyhow",
 "libc",
 "nexus-core",
 "nexus-process",
]

[[package]]
name = "nexus-policy"
version = "0.1.0"
dependencies = [
 "libc",
 "thiserror",
]

[[package]]
name = "nexus-process"
version = "0.1.0"
dependencies = [
 "nexus-core",
 "thiserror",
]

[[package]]
name = "nexus-resource"
version = "0.1.0"
dependencies = [
 "anyhow",
 "nexus-core",
 "nexus-platform",
 "nexus-process",
]

[[package]]
name = "nexus-sandbox"
version = "0.1.0"
dependencies = [
 "libc",
 "thiserror",
]

[[package]]
name = "nexus-security"
version = "0.1.0"
dependencies = [
 "libc",
 "nexus-core",
 "thiserror",
]

[[package]]
name = "nexus-storage"
version = "0.1.0"
dependencies = [
 "libc",
]

[[package]]
name = "proc-macro2"
version = "1.0.47"
source = "registry+https://github.com/rust-lang/crates.io-index"
checksum = "5ea3d908b0e36316caf9e9e2c4625cdde190a7e6f440d794667ed17a1855e725"
dependencies = [
 "unicode-ident",
]

[[package]]
name = "quote"
version = "1.0.9"
source = "registry+https://github.com/rust-lang/crates.io-index"
checksum = "c3d0b9745dc2debf507c8422de05d7226cc1f0644216dfdfead988f9b1ab32a7"
dependencies = [
 "proc-macro2",
]

[[package]]
name = "syn"
version = "1.0.109"
source = "registry+https://github.com/rust-lang/crates.io-index"
checksum = "72b64191b275b66ffe2469e8af2c1cfe3bafa67b529ead792a6d0160888b4237"
dependencies = [
 "proc-macro2",
 "quote",
 "unicode-ident",
]

[[package]]
name = "thiserror"
version = "1.0.16"
source = "registry+https://github.com/rust-lang/crates.io-index"
checksum = "d12a1dae4add0f0d568eebc7bf142f145ba1aa2544cafb195c76f0f409091b60"
dependencies = [
 "thiserror-impl",
]

[[package]]
name = "thiserror-impl"
version = "1.0.16"
source = "registry+https://github.com/rust-lang/crates.io-index"
checksum = "3f34e0c1caaa462fd840ec6b768946ea1e7842620d94fe29d5b847138f521269"
dependencies = [
 "proc-macro2",
 "quote",
 "syn",
]

[[package]]
name = "unicode-ident"
version = "1.0.3"
source = "registry+https://github.com/rust-lang/crates.io-index"
checksum = "c4f5b37a154999a8f3f98cc23a628d850e154479cd94decf3414696e12e31aaf"
