# This file is automatically @generated by Cargo.
# It is not intended for manual editing.
version = 3

[[package]]
name = "anyhow"
version = "1.0.71"
source = "registry+https://github.com/rust-lang/crates.io-index"
checksum = "9c7d0618f0e0b7e8ff11427422b64564d5fb0be1940354bfe2e0529b18a9d9b8"

[[package]]
name = "libc"
version = "0.2.126"
source = "registry+https://github.com/rust-lang/crates.io-index"
checksum = "349d5a591cd28b49e1d1037471617a32ddcda5731b99419008085f72d5a53836"

[[package]]
name = "nexus-actions"
version = "0.1.0"
dependencies = [
 "libc",
]

[[package]]
name = "nexus-ai"
version = "0.1.0"
dependencies = [
 "libc",
]

[[package]]
name = "nexus-api"
version = "0.1.0"
dependencies = [
 "libc",
]

[[package]]
name = "nexus-audit"
version = "0.1.0"
dependencies = [
 "libc",
]

[[package]]
name = "nexus-cli"
version = "0.1.0"
dependencies = [
 "anyhow",
 "nexus-core",
 "nexus-platform",
 "nexus-process",
 "nexus-resource",
]

[[package]]
name = "nexus-core"
version = "0.1.0"

[[package]]
name = "nexus-desktop"
version = "0.1.0"

[[package]]
name = "nexus-diagnostics"
version = "0.1.0"
dependencies = [
 "libc",
]

[[package]]
name = "nexus-network"
version = "0.1.0"
dependencies = [
 "libc",
]

[[package]]
name = "nexus-platform"
version = "0.1.0"
dependencies = [
 "anyhow",
 "libc",
 "nexus-core",
]

[[package]]
name = "nexus-policy"
version = "0.1.0"
dependencies = [
 "libc",
]

[[package]]
name = "nexus-process"
version = "0.1.0"
dependencies = [
 "anyhow",
 "nexus-core",
]

[[package]]
name = "nexus-resource"
version = "0.1.0"
dependencies = [
 "anyhow",
 "nexus-core",
 "nexus-platform",
 "nexus-process",
]

[[package]]
name = "nexus-security"
version = "0.1.0"
dependencies = [
 "libc",
]

[[package]]
name = "nexus-storage"
version = "0.1.0"
dependencies = [
 "libc",
]
